{
  "name": "codex",
  "version": "0.1.0",
  "lockfileVersion": 1,
  "requires": true,
  "dependencies": {
    "@types/node": {
      "version": "11.9.0",
      "resolved": "https://registry.npmjs.org/@types/node/-/node-11.9.0.tgz",
      "integrity": "sha512-ry4DOrC+xenhQbzk1iIPzCZGhhPGEFv7ia7Iu6XXSLVluiJIe9FfG7Iu3mObH9mpxEXCWLCMU4JWbCCR9Oy1Zg=="
    },
    "anyid": {
      "version": "1.0.6",
      "resolved": "https://registry.npmjs.org/anyid/-/anyid-1.0.6.tgz",
      "integrity": "sha512-6Yb++B6McoFh5DE6w6pxDjHvs8tRe0EEOV0oqgq1myuTsv69jye1m7QgQD4coYergf5Bdc/FY9xyl6fd9bjrMg==",
      "requires": {
        "base-x": "3.0.4",
        "lodash": "^4.13.1"
      }
    },
    "base-x": {
      "version": "3.0.4",
      "resolved": "https://registry.npmjs.org/base-x/-/base-x-3.0.4.tgz",
      "integrity": "sha512-UYOadoSIkEI/VrRGSG6qp93rp2WdokiAiNYDfGW5qURAY8GiAQkvMbwNNSDYiVJopqv4gCna7xqf4rrNGp+5AA==",
      "requires": {
        "safe-buffer": "^5.0.1"
      }
    },
    "lodash": {
      "version": "4.17.11",
      "resolved": "https://registry.npmjs.org/lodash/-/lodash-4.17.11.tgz",
      "integrity": "sha512-cQKh8igo5QUhZ7lg38DYWAxMvjSAKG0A8wGSVimP07SIUEK2UO+arSRKbRZWtelMtN5V0Hkwh5ryOto/SshYIg=="
    },
    "reflect-metadata": {
      "version": "0.1.13",
      "resolved": "https://registry.npmjs.org/reflect-metadata/-/reflect-metadata-0.1.13.tgz",
      "integrity": "sha512-Ts1Y/anZELhSsjMcU605fU9RE4Oi3p5ORujwbIKXfWa+0Zxs510Qrmrce5/Jowq3cHSZSJqBjypxmHarc+vEWg=="
    },
    "safe-buffer": {
      "version": "5.1.2",
      "resolved": "https://registry.npmjs.org/safe-buffer/-/safe-buffer-5.1.2.tgz",
      "integrity": "sha512-Gd2UZBJDkXlY7GbJxfsE8/nvKkUEU1G38c1siN6QP6a9PT9MmHB8GnpscSmMJSoF8LOIrt8ud/wPtojys4G6+g=="
    }
  }
}
